// !$*UTF8*$!
{
	archiveVersion = 1;
	classes = {
	};
	objectVersion = 46;
	objects = {

/* Begin PBXBuildFile section */
		847746F21D08029B00E43D2F /* AppDelegate.swift in Sources */ = {isa = PBXBuildFile; fileRef = 847746F11D08029B00E43D2F /* AppDelegate.swift */; };
		847746F41D08029B00E43D2F /* ViewController.swift in Sources */ = {isa = PBXBuildFile; fileRef = 847746F31D08029B00E43D2F /* ViewController.swift */; };
		847746F71D08029B00E43D2F /* Main.storyboard in Resources */ = {isa = PBXBuildFile; fileRef = 847746F51D08029B00E43D2F /* Main.storyboard */; };
		847746F91D08029B00E43D2F /* Assets.xcassets in Resources */ = {isa = PBXBuildFile; fileRef = 847746F81D08029B00E43D2F /* Assets.xcassets */; };
		847746FC1D08029B00E43D2F /* LaunchScreen.storyboard in Resources */ = {isa = PBXBuildFile; fileRef = 847746FA1D08029B00E43D2F /* LaunchScreen.storyboard */; };
		847747041D0803B000E43D2F /* ExpandingCollection.framework in Frameworks */ = {isa = PBXBuildFile; fileRef = 847747031D0803B000E43D2F /* ExpandingCollection.framework */; };
		847747051D0803B000E43D2F /* ExpandingCollection.framework in Embed Frameworks */ = {isa = PBXBuildFile; fileRef = 847747031D0803B000E43D2F /* ExpandingCollection.framework */; settings = {ATTRIBUTES = (CodeSignOnCopy, RemoveHeadersOnCopy, ); }; };
		847747091D0803E200E43D2F /* DemoCollectionViewCell.swift in Sources */ = {isa = PBXBuildFile; fileRef = 847747071D0803E200E43D2F /* DemoCollectionViewCell.swift */; };
		8477470A1D0803E200E43D2F /* DemoCollectionViewCell.xib in Resources */ = {isa = PBXBuildFile; fileRef = 847747081D0803E200E43D2F /* DemoCollectionViewCell.xib */; };
/* End PBXBuildFile section */

/* Begin PBXCopyFilesBuildPhase section */
		847747061D0803B000E43D2F /* Embed Frameworks */ = {
			isa = PBXCopyFilesBuildPhase;
			buildActionMask = 2147483647;
			dstPath = "";
			dstSubfolderSpec = 10;
			files = (
				847747051D0803B000E43D2F /* ExpandingCollection.framework in Embed Frameworks */,
			);
			name = "Embed Frameworks";
			runOnlyForDeploymentPostprocessing = 0;
		};
/* End PBXCopyFilesBuildPhase section */

/* Begin PBXFileReference section */
		847746EE1D08029B00E43D2F /* ExpandingCollectionTest.app */ = {isa = PBXFileReference; explicitFileType = wrapper.application; includeInIndex = 0; path = ExpandingCollectionTest.app; sourceTree = BUILT_PRODUCTS_DIR; };
		847746F11D08029B00E43D2F /* AppDelegate.swift */ = {isa = PBXFileReference; lastKnownFileType = sourcecode.swift; path = AppDelegate.swift; sourceTree = "<group>"; };
		847746F31D08029B00E43D2F /* ViewController.swift */ = {isa = PBXFileReference; lastKnownFileType = sourcecode.swift; path = ViewController.swift; sourceTree = "<group>"; };
		847746F61D08029B00E43D2F /* Base */ = {isa = PBXFileReference; lastKnownFileType = file.storyboard; name = Base; path = Base.lproj/Main.storyboard; sourceTree = "<group>"; };
		847746F81D08029B00E43D2F /* Assets.xcassets */ = {isa = PBXFileReference; lastKnownFileType = folder.assetcatalog; path = Assets.xcassets; sourceTree = "<group>"; };
		847746FB1D08029B00E43D2F /* Base */ = {isa = PBXFileReference; lastKnownFileType = file.storyboard; name = Base; path = Base.lproj/LaunchScreen.storyboard; sourceTree = "<group>"; };
		847746FD1D08029B00E43D2F /* Info.plist */ = {isa = PBXFileReference; lastKnownFileType = text.plist.xml; path = Info.plist; sourceTree = "<group>"; };
		847747031D0803B000E43D2F /* ExpandingCollection.framework */ = {isa = PBXFileReference; lastKnownFileType = wrapper.framework; name = ExpandingCollection.framework; path = Carthage/Build/iOS/ExpandingCollection.framework; sourceTree = "<group>"; };
		847747071D0803E200E43D2F /* DemoCollectionViewCell.swift */ = {isa = PBXFileReference; fileEncoding = 4; lastKnownFileType = sourcecode.swift; path = DemoCollectionViewCell.swift; sourceTree = "<group>"; };
		847747081D0803E200E43D2F /* DemoCollectionViewCell.xib */ = {isa = PBXFileReference; fileEncoding = 4; lastKnownFileType = file.xib; path = DemoCollectionViewCell.xib; sourceTree = "<group>"; };
/* End PBXFileReference section */

/* Begin PBXFrameworksBuildPhase section */
		847746EB1D08029B00E43D2F /* Frameworks */ = {
			isa = PBXFrameworksBuildPhase;
			buildActionMask = 2147483647;
			files = (
				847747041D0803B000E43D2F /* ExpandingCollection.framework in Frameworks */,
			);
			runOnlyForDeploymentPostprocessing = 0;
		};
/* End PBXFrameworksBuildPhase section */

/* Begin PBXGroup section */
		847746E51D08029B00E43D2F = {
			isa = PBXGroup;
			children = (
				847747031D0803B000E43D2F /* ExpandingCollection.framework */,
				847746F01D08029B00E43D2F /* ExpandingCollectionTest */,
				847746EF1D08029B00E43D2F /* Products */,
			);
			sourceTree = "<group>";
		};
		847746EF1D08029B00E43D2F /* Products */ = {
			isa = PBXGroup;
			children = (
				847746EE1D08029B00E43D2F /* ExpandingCollectionTest.app */,
			);
			name = Products;
			sourceTree = "<group>";
		};
		847746F01D08029B00E43D2F /* ExpandingCollectionTest */ = {
			isa = PBXGroup;
			children = (
				847746F11D08029B00E43D2F /* AppDelegate.swift */,
				847746F31D08029B00E43D2F /* ViewController.swift */,
				847746F51D08029B00E43D2F /* Main.storyboard */,
				847746F81D08029B00E43D2F /* Assets.xcassets */,
				847746FA1D08029B00E43D2F /* LaunchScreen.storyboard */,
				847746FD1D08029B00E43D2F /* Info.plist */,
				847747071D0803E200E43D2F /* DemoCollectionViewCell.swift */,
				847747081D0803E200E43D2F /* DemoCollectionViewCell.xib */,
			);
			path = ExpandingCollectionTest;
			sourceTree = "<group>";
		};
/* End PBXGroup section */

/* Begin PBXNativeTarget section */
		847746ED1D08029B00E43D2F /* ExpandingCollectionTest */ = {
			isa = PBXNativeTarget;
			buildConfigurationList = 847747001D08029B00E43D2F /* Build configuration list for PBXNativeTarget "ExpandingCollectionTest" */;
			buildPhases = (
				847746EA1D08029B00E43D2F /* Sources */,
				847746EB1D08029B00E43D2F /* Frameworks */,
				847746EC1D08029B00E43D2F /* Resources */,
				847747061D0803B000E43D2F /* Embed Frameworks */,
			);
			buildRules = (
			);
			dependencies = (
			);
			name = ExpandingCollectionTest;
			productName = ExpandingCollectionTest;
			productReference = 847746EE1D08029B00E43D2F /* ExpandingCollectionTest.app */;
			productType = "com.apple.product-type.application";
		};
/* End PBXNativeTarget section */

/* Begin PBXProject section */
		847746E61D08029B00E43D2F /* Project object */ = {
			isa = PBXProject;
			attributes = {
				LastSwiftUpdateCheck = 0730;
				LastUpgradeCheck = 0730;
				ORGANIZATIONNAME = "Alex K.";
				TargetAttributes = {
					847746ED1D08029B00E43D2F = {
						CreatedOnToolsVersion = 7.3.1;
					};
				};
			};
			buildConfigurationList = 847746E91D08029B00E43D2F /* Build configuration list for PBXProject "ExpandingCollectionTest" */;
			compatibilityVersion = "Xcode 3.2";
			developmentRegion = English;
			hasScannedForEncodings = 0;
			knownRegions = (
				en,
				Base,
			);
			mainGroup = 847746E51D08029B00E43D2F;
			productRefGroup = 847746EF1D08029B00E43D2F /* Products */;
			projectDirPath = "";
			projectRoot = "";
			targets = (
				847746ED1D08029B00E43D2F /* ExpandingCollectionTest */,
			);
		};
/* End PBXProject section */

/* Begin PBXResourcesBuildPhase section */
		847746EC1D08029B00E43D2F /* Resources */ = {
			isa = PBXResourcesBuildPhase;
			buildActionMask = 2147483647;
			files = (
				847746FC1D08029B00E43D2F /* LaunchScreen.storyboard in Resources */,
				847746F91D08029B00E43D2F /* Assets.xcassets in Resources */,
				847746F71D08029B00E43D2F /* Main.storyboard in Resources */,
				8477470A1D0803E200E43D2F /* DemoCollectionViewCell.xib in Resources */,
			);
			runOnlyForDeploymentPostprocessing = 0;
		};
/* End PBXResourcesBuildPhase section */

/* Begin PBXSourcesBuildPhase section */
		847746EA1D08029B00E43D2F /* Sources */ = {
			isa = PBXSourcesBuildPhase;
			buildActionMask = 2147483647;
			files = (
				847746F41D08029B00E43D2F /* ViewController.swift in Sources */,
				847747091D0803E200E43D2F /* DemoCollectionViewCell.swift in Sources */,
				847746F21D08029B00E43D2F /* AppDelegate.swift in Sources */,
			);
			runOnlyForDeploymentPostprocessing = 0;
		};
/* End PBXSourcesBuildPhase section */

/* Begin PBXVariantGroup section */
		847746F51D08029B00E43D2F /* Main.storyboard */ = {
			isa = PBXVariantGroup;
			children = (
				847746F61D08029B00E43D2F /* Base */,
			);
			name = Main.storyboard;
			sourceTree = "<group>";
		};
		847746FA1D08029B00E43D2F /* LaunchScreen.storyboard */ = {
			isa = PBXVariantGroup;
			children = (
				847746FB1D08029B00E43D2F /* Base */,
			);
			name = LaunchScreen.storyboard;
			sourceTree = "<group>";
		};
/* End PBXVariantGroup section */

/* Begin XCBuildConfiguration section */
		847746FE1D08029B00E43D2F /* Debug */ = {
			isa = XCBuildConfiguration;
			buildSettings = {
				ALWAYS_SEARCH_USER_PATHS = NO;
				CLANG_ANALYZER_NONNULL = YES;
				CLANG_CXX_LANGUAGE_STANDARD = "gnu++0x";
				CLANG_CXX_LIBRARY = "libc++";
				CLANG_ENABLE_MODULES = YES;
				CLANG_ENABLE_OBJC_ARC = YES;
				CLANG_WARN_BOOL_CONVERSION = YES;
				CLANG_WARN_CONSTANT_CONVERSION = YES;
				CLANG_WARN_DIRECT_OBJC_ISA_USAGE = YES_ERROR;
				CLANG_WARN_EMPTY_BODY = YES;
				CLANG_WARN_ENUM_CONVERSION = YES;
				CLANG_WARN_INT_CONVERSION = YES;
				CLANG_WARN_OBJC_ROOT_CLASS = YES_ERROR;
				CLANG_WARN_UNREACHABLE_CODE = YES;
				CLANG_WARN__DUPLICATE_METHOD_MATCH = YES;
				"CODE_SIGN_IDENTITY[sdk=iphoneos*]" = "iPhone Developer";
				COPY_PHASE_STRIP = NO;
				DEBUG_INFORMATION_FORMAT = dwarf;
				ENABLE_STRICT_OBJC_MSGSEND = YES;
				ENABLE_TESTABILITY = YES;
				GCC_C_LANGUAGE_STANDARD = gnu99;
				GCC_DYNAMIC_NO_PIC = NO;
				GCC_NO_COMMON_BLOCKS = YES;
				GCC_OPTIMIZATION_LEVEL = 0;
				GCC_PREPROCESSOR_DEFINITIONS = (
					"DEBUG=1",
					"$(inherited)",
				);
				GCC_WARN_64_TO_32_BIT_CONVERSION = YES;
				GCC_WARN_ABOUT_RETURN_TYPE = YES_ERROR;
				GCC_WARN_UNDECLARED_SELECTOR = YES;
				GCC_WARN_UNINITIALIZED_AUTOS = YES_AGGRESSIVE;
				GCC_WARN_UNUSED_FUNCTION = YES;
				GCC_WARN_UNUSED_VARIABLE = YES;
				IPHONEOS_DEPLOYMENT_TARGET = 9.3;
				MTL_ENABLE_DEBUG_INFO = YES;
				ONLY_ACTIVE_ARCH = YES;
				SDKROOT = iphoneos;
				SWIFT_OPTIMIZATION_LEVEL = "-Onone";
			};
			name = Debug;
		};
		847746FF1D08029B00E43D2F /* Release */ = {
			isa = XCBuildConfiguration;
			buildSettings = {
				ALWAYS_SEARCH_USER_PATHS = NO;
				CLANG_ANALYZER_NONNULL = YES;
				CLANG_CXX_LANGUAGE_STANDARD = "gnu++0x";
				CLANG_CXX_LIBRARY = "libc++";
				CLANG_ENABLE_MODULES = YES;
				CLANG_ENABLE_OBJC_ARC = YES;
				CLANG_WARN_BOOL_CONVERSION = YES;
				CLANG_WARN_CONSTANT_CONVERSION = YES;
				CLANG_WARN_DIRECT_OBJC_ISA_USAGE = YES_ERROR;
				CLANG_WARN_EMPTY_BODY = YES;
				CLANG_WARN_ENUM_CONVERSION = YES;
				CLANG_WARN_INT_CONVERSION = YES;
				CLANG_WARN_OBJC_ROOT_CLASS = YES_ERROR;
				CLANG_WARN_UNREACHABLE_CODE = YES;
				CLANG_WARN__DUPLICATE_METHOD_MATCH = YES;
				"CODE_SIGN_IDENTITY[sdk=iphoneos*]" = "iPhone Developer";
				COPY_PHASE_STRIP = NO;
				DEBUG_INFORMATION_FORMAT = "dwarf-with-dsym";
				ENABLE_NS_ASSERTIONS = NO;
				ENABLE_STRICT_OBJC_MSGSEND = YES;
				GCC_C_LANGUAGE_STANDARD = gnu99;
				GCC_NO_COMMON_BLOCKS = YES;
				GCC_WARN_64_TO_32_BIT_CONVERSION = YES;
				GCC_WARN_ABOUT_RETURN_TYPE = YES_ERROR;
				GCC_WARN_UNDECLARED_SELECTOR = YES;
				GCC_WARN_UNINITIALIZED_AUTOS = YES_AGGRESSIVE;
				GCC_WARN_UNUSED_FUNCTION = YES;
				GCC_WARN_UNUSED_VARIABLE = YES;
				IPHONEOS_DEPLOYMENT_TARGET = 9.3;
				MTL_ENABLE_DEBUG_INFO = NO;
				SDKROOT = iphoneos;
				VALIDATE_PRODUCT = YES;
			};
			name = Release;
		};
		847747011D08029B00E43D2F /* Debug */ = {
			isa = XCBuildConfiguration;
			buildSettings = {
				ASSETCATALOG_COMPILER_APPICON_NAME = AppIcon;
				FRAMEWORK_SEARCH_PATHS = (
					"$(inherited)",
					"$(PROJECT_DIR)/Carthage/Build/iOS",
				);
				INFOPLIST_FILE = ExpandingCollectionTest/Info.plist;
				LD_RUNPATH_SEARCH_PATHS = "$(inherited) @executable_path/Frameworks";
				PRODUCT_BUNDLE_IDENTIFIER = com.ramotion.ExpandingCollectionTest;
				PRODUCT_NAME = "$(TARGET_NAME)";
			};
			name = Debug;
		};
		847747021D08029B00E43D2F /* Release */ = {
			isa = XCBuildConfiguration;
			buildSettings = {
				ASSETCATALOG_COMPILER_APPICON_NAME = AppIcon;
				FRAMEWORK_SEARCH_PATHS = (
					"$(inherited)",
					"$(PROJECT_DIR)/Carthage/Build/iOS",
				);
				INFOPLIST_FILE = ExpandingCollectionTest/Info.plist;
				LD_RUNPATH_SEARCH_PATHS = "$(inherited) @executable_path/Frameworks";
				PRODUCT_BUNDLE_IDENTIFIER = com.ramotion.ExpandingCollectionTest;
				PRODUCT_NAME = "$(TARGET_NAME)";
			};
			name = Release;
		};
/* End XCBuildConfiguration section */

/* Begin XCConfigurationList section */
		847746E91D08029B00E43D2F /* Build configuration list for PBXProject "ExpandingCollectionTest" */ = {
			isa = XCConfigurationList;
			buildConfigurations = (
				847746FE1D08029B00E43D2F /* Debug */,
				847746FF1D08029B00E43D2F /* Release */,
			);
			defaultConfigurationIsVisible = 0;
			defaultConfigurationName = Release;
		};
		847747001D08029B00E43D2F /* Build configuration list for PBXNativeTarget "ExpandingCollectionTest" */ = {
			isa = XCConfigurationList;
			buildConfigurations = (
				847747011D08029B00E43D2F /* Debug */,
				847747021D08029B00E43D2F /* Release */,
			);
			defaultConfigurationIsVisible = 0;
		};
/* End XCConfigurationList section */
	};
	rootObject = 847746E61D08029B00E43D2F /* Project object */;
}
